{
  "version": 4,
  "terraform_version": "1.4.6",
  "serial": 9,
  "lineage": "05a51dea-07ae-281a-3efb-ddf9852c0b1f",
  "outputs": {
    "key_data": {
      "value": "{}",
      "type": "string",
      "sensitive": true
    },
    "resource_group_name": {
      "value": "rg-helpful-fly",
      "type": "string"
    }
  },
  "resources": [
    {
      "mode": "managed",
      "type": "azapi_resource",
      "name": "ssh_public_key",
      "provider": "provider[\"registry.terraform.io/azure/azapi\"]",
      "instances": [
        {
          "schema_version": 0,
          "attributes": {
            "body": "{}",
            "id": "/subscriptions/9cf4a3a7-8fe3-4217-8961-1559dae29c12/resourceGroups/rg-helpful-fly/providers/Microsoft.Compute/sshPublicKeys/sshliteratekingfish",
            "identity": [],
            "ignore_casing": false,
            "ignore_missing_property": true,
            "location": "westus3",
            "locks": null,
            "name": "sshliteratekingfish",
            "output": "{}",
            "parent_id": "/subscriptions/9cf4a3a7-8fe3-4217-8961-1559dae29c12/resourceGroups/rg-helpful-fly",
            "removing_special_chars": false,
            "response_export_values": null,
            "schema_validation_enabled": true,
            "tags": {},
            "timeouts": null,
            "type": "Microsoft.Compute/sshPublicKeys@2022-11-01"
          },
          "sensitive_attributes": [],
          "private": "eyJlMmJmYjczMC1lY2FhLTExZTYtOGY4OC0zNDM2M2JjN2M0YzAiOnsiY3JlYXRlIjoxODAwMDAwMDAwMDAwLCJkZWxldGUiOjE4MDAwMDAwMDAwMDAsInJlYWQiOjMwMDAwMDAwMDAwMCwidXBkYXRlIjoxODAwMDAwMDAwMDAwfX0=",
          "dependencies": [
            "azurerm_resource_group.rg",
            "random_pet.rg_name",
            "random_pet.ssh_key_name"
          ]
        }
      ]
    },
    {
      "mode": "managed",
      "type": "azapi_resource_action",
      "name": "ssh_public_key_gen",
      "provider": "provider[\"registry.terraform.io/azure/azapi\"]",
      "instances": [
        {
          "schema_version": 0,
          "attributes": {
            "action": "generateKeyPair",
            "body": null,
            "id": "/subscriptions/9cf4a3a7-8fe3-4217-8961-1559dae29c12/resourceGroups/rg-helpful-fly/providers/Microsoft.Compute/sshPublicKeys/sshliteratekingfish/generateKeyPair",
            "locks": null,
            "method": "POST",
            "output": "{\"publicKey\":\"ssh-rsa AAAAB3NzaC1yc2EAAAADAQABAAABgQDOnltnmL7bYuli+8FDy38tRCThlcktTA2F/lf4XMM5XdDxg4mefEINNSP0/+G1rrEKe70t8rNc0Obx6XQINNx1X6vkic4IH6kdp7xRNnUae78H4307cd78yPh587RTeLul0UFaLBe1ww+SyG13ReRaM74Ibpa6+t5iK1gzu7UCgnUG2BYDgebwYtuL6eu48daR65VBrdlEu/+GCYn2cOR2LwIdPRX4d7AT9hi130z9yOGmGHgtNzf6kiFW97vZXqtZMWLJFmGw77VnD8f9YhcuZmXv6wz2hJu/TqFpbNJn3wb1gtieNuT1m7zWuQ0Sovu9RN/05DEeRTFxL2dXltnFLDRZvV6A2hn/VbgoKfKzqgoqiKOvpVMTM0bSocyQ8PHcGFC1pjdmZMPQVO+MrMb1b0ethjSWAXdkEGXclXhTTjQLPnVlQBS1POtw/JDRPxvzeyONJ2WduuSeu0FcV0glO5AgLYvQCXcs4BxvyYqHSWlgJNUTLf68rgha6vVx+Ck= generated-by-azure\"}",
            "resource_id": "/subscriptions/9cf4a3a7-8fe3-4217-8961-1559dae29c12/resourceGroups/rg-helpful-fly/providers/Microsoft.Compute/sshPublicKeys/sshliteratekingfish",
            "response_export_values": [
              "publicKey"
            ],
            "timeouts": null,
            "type": "Microsoft.Compute/sshPublicKeys@2022-11-01"
          },
          "sensitive_attributes": [],
          "private": "eyJlMmJmYjczMC1lY2FhLTExZTYtOGY4OC0zNDM2M2JjN2M0YzAiOnsiY3JlYXRlIjoxODAwMDAwMDAwMDAwLCJkZWxldGUiOjE4MDAwMDAwMDAwMDAsInJlYWQiOjMwMDAwMDAwMDAwMCwidXBkYXRlIjoxODAwMDAwMDAwMDAwfX0=",
          "dependencies": [
            "azapi_resource.ssh_public_key",
            "azurerm_resource_group.rg",
            "random_pet.rg_name",
            "random_pet.ssh_key_name"
          ]
        }
      ]
    },
    {
      "mode": "managed",
      "type": "azurerm_resource_group",
      "name": "rg",
      "provider": "provider[\"registry.terraform.io/hashicorp/azurerm\"]",
      "instances": [
        {
          "schema_version": 0,
          "attributes": {
            "id": "/subscriptions/9cf4a3a7-8fe3-4217-8961-1559dae29c12/resourceGroups/rg-helpful-fly",
            "location": "eastus",
            "name": "rg-helpful-fly",
            "tags": null,
            "timeouts": null
          },
          "sensitive_attributes": [],
          "private": "eyJlMmJmYjczMC1lY2FhLTExZTYtOGY4OC0zNDM2M2JjN2M0YzAiOnsiY3JlYXRlIjo1NDAwMDAwMDAwMDAwLCJkZWxldGUiOjU0MDAwMDAwMDAwMDAsInJlYWQiOjMwMDAwMDAwMDAwMCwidXBkYXRlIjo1NDAwMDAwMDAwMDAwfX0=",
          "dependencies": [
            "random_pet.rg_name"
          ]
        }
      ]
    },
    {
      "mode": "managed",
      "type": "random_pet",
      "name": "azurerm_kubernetes_cluster_dns_prefix",
      "provider": "provider[\"registry.terraform.io/hashicorp/random\"]",
      "instances": [
        {
          "schema_version": 0,
          "attributes": {
            "id": "dns-literate-kingfish",
            "keepers": null,
            "length": 2,
            "prefix": "dns",
            "separator": "-"
          },
          "sensitive_attributes": []
        }
      ]
    },
    {
      "mode": "managed",
      "type": "random_pet",
      "name": "azurerm_kubernetes_cluster_name",
      "provider": "provider[\"registry.terraform.io/hashicorp/random\"]",
      "instances": [
        {
          "schema_version": 0,
          "attributes": {
            "id": "cluster-living-treefrog",
            "keepers": null,
            "length": 2,
            "prefix": "cluster",
            "separator": "-"
          },
          "sensitive_attributes": []
        }
      ]
    },
    {
      "mode": "managed",
      "type": "random_pet",
      "name": "rg_name",
      "provider": "provider[\"registry.terraform.io/hashicorp/random\"]",
      "instances": [
        {
          "schema_version": 0,
          "attributes": {
            "id": "rg-helpful-fly",
            "keepers": null,
            "length": 2,
            "prefix": "rg",
            "separator": "-"
          },
          "sensitive_attributes": []
        }
      ]
    },
    {
      "mode": "managed",
      "type": "random_pet",
      "name": "ssh_key_name",
      "provider": "provider[\"registry.terraform.io/hashicorp/random\"]",
      "instances": [
        {
          "schema_version": 0,
          "attributes": {
            "id": "sshliteratekingfish",
            "keepers": null,
            "length": 2,
            "prefix": "ssh",
            "separator": ""
          },
          "sensitive_attributes": []
        }
      ]
    }
  ],
  "check_results": null
}
